// !$*UTF8*$!
{
	archiveVersion = 1;
	classes = {
	};
	objectVersion = 46;
	objects = {

/* Begin PBXBuildFile section */
		D41D9D5B1AD6C70F0055D966 /* Foundation.framework in Frameworks */ = {isa = PBXBuildFile; fileRef = D41D9D5A1AD6C70F0055D966 /* Foundation.framework */; };
		D41D9D5D1AD6C70F0055D966 /* CoreGraphics.framework in Frameworks */ = {isa = PBXBuildFile; fileRef = D41D9D5C1AD6C70F0055D966 /* CoreGraphics.framework */; };
		D41D9D5F1AD6C70F0055D966 /* UIKit.framework in Frameworks */ = {isa = PBXBuildFile; fileRef = D41D9D5E1AD6C70F0055D966 /* UIKit.framework */; };
		D41D9D651AD6C70F0055D966 /* InfoPlist.strings in Resources */ = {isa = PBXBuildFile; fileRef = D41D9D631AD6C70F0055D966 /* InfoPlist.strings */; };
		D41D9D671AD6C70F0055D966 /* main.m in Sources */ = {isa = PBXBuildFile; fileRef = D41D9D661AD6C70F0055D966 /* main.m */; };
		D41D9D6B1AD6C70F0055D966 /* AppDelegate.m in Sources */ = {isa = PBXBuildFile; fileRef = D41D9D6A1AD6C70F0055D966 /* AppDelegate.m */; };
		D41D9D6E1AD6C70F0055D966 /* Main.storyboard in Resources */ = {isa = PBXBuildFile; fileRef = D41D9D6C1AD6C70F0055D966 /* Main.storyboard */; };
		D41D9D711AD6C70F0055D966 /* ViewController.m in Sources */ = {isa = PBXBuildFile; fileRef = D41D9D701AD6C70F0055D966 /* ViewController.m */; };
		D41D9D731AD6C70F0055D966 /* Images.xcassets in Resources */ = {isa = PBXBuildFile; fileRef = D41D9D721AD6C70F0055D966 /* Images.xcassets */; };
		D41D9D7A1AD6C70F0055D966 /* XCTest.framework in Frameworks */ = {isa = PBXBuildFile; fileRef = D41D9D791AD6C70F0055D966 /* XCTest.framework */; };
		D41D9D7B1AD6C70F0055D966 /* Foundation.framework in Frameworks */ = {isa = PBXBuildFile; fileRef = D41D9D5A1AD6C70F0055D966 /* Foundation.framework */; };
		D41D9D7C1AD6C70F0055D966 /* UIKit.framework in Frameworks */ = {isa = PBXBuildFile; fileRef = D41D9D5E1AD6C70F0055D966 /* UIKit.framework */; };
		D41D9D841AD6C70F0055D966 /* InfoPlist.strings in Resources */ = {isa = PBXBuildFile; fileRef = D41D9D821AD6C70F0055D966 /* InfoPlist.strings */; };
		D41D9D861AD6C70F0055D966 /* SPTableViewTests.m in Sources */ = {isa = PBXBuildFile; fileRef = D41D9D851AD6C70F0055D966 /* SPTableViewTests.m */; };
		D41D9D911AD6C7470055D966 /* SPTable.m in Sources */ = {isa = PBXBuildFile; fileRef = D41D9D901AD6C7470055D966 /* SPTable.m */; };
/* End PBXBuildFile section */

/* Begin PBXContainerItemProxy section */
		D41D9D7D1AD6C70F0055D966 /* PBXContainerItemProxy */ = {
			isa = PBXContainerItemProxy;
			containerPortal = D41D9D4F1AD6C70F0055D966 /* Project object */;
			proxyType = 1;
			remoteGlobalIDString = D41D9D561AD6C70F0055D966;
			remoteInfo = SPTableView;
		};
/* End PBXContainerItemProxy section */

/* Begin PBXFileReference section */
		D41D9D571AD6C70F0055D966 /* SPTableView.app */ = {isa = PBXFileReference; explicitFileType = wrapper.application; includeInIndex = 0; path = SPTableView.app; sourceTree = BUILT_PRODUCTS_DIR; };
		D41D9D5A1AD6C70F0055D966 /* Foundation.framework */ = {isa = PBXFileReference; lastKnownFileType = wrapper.framework; name = Foundation.framework; path = System/Library/Frameworks/Foundation.framework; sourceTree = SDKROOT; };
		D41D9D5C1AD6C70F0055D966 /* CoreGraphics.framework */ = {isa = PBXFileReference; lastKnownFileType = wrapper.framework; name = CoreGraphics.framework; path = System/Library/Frameworks/CoreGraphics.framework; sourceTree = SDKROOT; };
		D41D9D5E1AD6C70F0055D966 /* UIKit.framework */ = {isa = PBXFileReference; lastKnownFileType = wrapper.framework; name = UIKit.framework; path = System/Library/Frameworks/UIKit.framework; sourceTree = SDKROOT; };
		D41D9D621AD6C70F0055D966 /* SPTableView-Info.plist */ = {isa = PBXFileReference; lastKnownFileType = text.plist.xml; path = "SPTableView-Info.plist"; sourceTree = "<group>"; };
		D41D9D641AD6C70F0055D966 /* en */ = {isa = PBXFileReference; lastKnownFileType = text.plist.strings; name = en; path = en.lproj/InfoPlist.strings; sourceTree = "<group>"; };
		D41D9D661AD6C70F0055D966 /* main.m */ = {isa = PBXFileReference; lastKnownFileType = sourcecode.c.objc; path = main.m; sourceTree = "<group>"; };
		D41D9D681AD6C70F0055D966 /* SPTableView-Prefix.pch */ = {isa = PBXFileReference; lastKnownFileType = sourcecode.c.h; path = "SPTableView-Prefix.pch"; sourceTree = "<group>"; };
		D41D9D691AD6C70F0055D966 /* AppDelegate.h */ = {isa = PBXFileReference; lastKnownFileType = sourcecode.c.h; path = AppDelegate.h; sourceTree = "<group>"; };
		D41D9D6A1AD6C70F0055D966 /* AppDelegate.m */ = {isa = PBXFileReference; lastKnownFileType = sourcecode.c.objc; path = AppDelegate.m; sourceTree = "<group>"; };
		D41D9D6D1AD6C70F0055D966 /* Base */ = {isa = PBXFileReference; lastKnownFileType = file.storyboard; name = Base; path = Base.lproj/Main.storyboard; sourceTree = "<group>"; };
		D41D9D6F1AD6C70F0055D966 /* ViewController.h */ = {isa = PBXFileReference; lastKnownFileType = sourcecode.c.h; path = ViewController.h; sourceTree = "<group>"; };
		D41D9D701AD6C70F0055D966 /* ViewController.m */ = {isa = PBXFileReference; lastKnownFileType = sourcecode.c.objc; path = ViewController.m; sourceTree = "<group>"; };
		D41D9D721AD6C70F0055D966 /* Images.xcassets */ = {isa = PBXFileReference; lastKnownFileType = folder.assetcatalog; path = Images.xcassets; sourceTree = "<group>"; };
		D41D9D781AD6C70F0055D966 /* SPTableViewTests.xctest */ = {isa = PBXFileReference; explicitFileType = wrapper.cfbundle; includeInIndex = 0; path = SPTableViewTests.xctest; sourceTree = BUILT_PRODUCTS_DIR; };
		D41D9D791AD6C70F0055D966 /* XCTest.framework */ = {isa = PBXFileReference; lastKnownFileType = wrapper.framework; name = XCTest.framework; path = Library/Frameworks/XCTest.framework; sourceTree = DEVELOPER_DIR; };
		D41D9D811AD6C70F0055D966 /* SPTableViewTests-Info.plist */ = {isa = PBXFileReference; lastKnownFileType = text.plist.xml; path = "SPTableViewTests-Info.plist"; sourceTree = "<group>"; };
		D41D9D831AD6C70F0055D966 /* en */ = {isa = PBXFileReference; lastKnownFileType = text.plist.strings; name = en; path = en.lproj/InfoPlist.strings; sourceTree = "<group>"; };
		D41D9D851AD6C70F0055D966 /* SPTableViewTests.m */ = {isa = PBXFileReference; lastKnownFileType = sourcecode.c.objc; path = SPTableViewTests.m; sourceTree = "<group>"; };
		D41D9D8F1AD6C7470055D966 /* SPTable.h */ = {isa = PBXFileReference; fileEncoding = 4; lastKnownFileType = sourcecode.c.h; path = SPTable.h; sourceTree = "<group>"; };
		D41D9D901AD6C7470055D966 /* SPTable.m */ = {isa = PBXFileReference; fileEncoding = 4; lastKnownFileType = sourcecode.c.objc; path = SPTable.m; sourceTree = "<group>"; };
/* End PBXFileReference section */

/* Begin PBXFrameworksBuildPhase section */
		D41D9D541AD6C70F0055D966 /* Frameworks */ = {
			isa = PBXFrameworksBuildPhase;
			buildActionMask = 2147483647;
			files = (
				D41D9D5D1AD6C70F0055D966 /* CoreGraphics.framework in Frameworks */,
				D41D9D5F1AD6C70F0055D966 /* UIKit.framework in Frameworks */,
				D41D9D5B1AD6C70F0055D966 /* Foundation.framework in Frameworks */,
			);
			runOnlyForDeploymentPostprocessing = 0;
		};
		D41D9D751AD6C70F0055D966 /* Frameworks */ = {
			isa = PBXFrameworksBuildPhase;
			buildActionMask = 2147483647;
			files = (
				D41D9D7A1AD6C70F0055D966 /* XCTest.framework in Frameworks */,
				D41D9D7C1AD6C70F0055D966 /* UIKit.framework in Frameworks */,
				D41D9D7B1AD6C70F0055D966 /* Foundation.framework in Frameworks */,
			);
			runOnlyForDeploymentPostprocessing = 0;
		};
/* End PBXFrameworksBuildPhase section */

/* Begin PBXGroup section */
		D41D9D4E1AD6C70F0055D966 = {
			isa = PBXGroup;
			children = (
				D41D9D601AD6C70F0055D966 /* SPTableView */,
				D41D9D7F1AD6C70F0055D966 /* SPTableViewTests */,
				D41D9D591AD6C70F0055D966 /* Frameworks */,
				D41D9D581AD6C70F0055D966 /* Products */,
			);
			sourceTree = "<group>";
		};
		D41D9D581AD6C70F0055D966 /* Products */ = {
			isa = PBXGroup;
			children = (
				D41D9D571AD6C70F0055D966 /* SPTableView.app */,
				D41D9D781AD6C70F0055D966 /* SPTableViewTests.xctest */,
			);
			name = Products;
			sourceTree = "<group>";
		};
		D41D9D591AD6C70F0055D966 /* Frameworks */ = {
			isa = PBXGroup;
			children = (
				D41D9D5A1AD6C70F0055D966 /* Foundation.framework */,
				D41D9D5C1AD6C70F0055D966 /* CoreGraphics.framework */,
				D41D9D5E1AD6C70F0055D966 /* UIKit.framework */,
				D41D9D791AD6C70F0055D966 /* XCTest.framework */,
			);
			name = Frameworks;
			sourceTree = "<group>";
		};
		D41D9D601AD6C70F0055D966 /* SPTableView */ = {
			isa = PBXGroup;
			children = (
				D41D9D691AD6C70F0055D966 /* AppDelegate.h */,
				D41D9D6A1AD6C70F0055D966 /* AppDelegate.m */,
				D41D9D6C1AD6C70F0055D966 /* Main.storyboard */,
				D41D9D6F1AD6C70F0055D966 /* ViewController.h */,
				D41D9D701AD6C70F0055D966 /* ViewController.m */,
				D41D9D8F1AD6C7470055D966 /* SPTable.h */,
				D41D9D901AD6C7470055D966 /* SPTable.m */,
				D41D9D721AD6C70F0055D966 /* Images.xcassets */,
				D41D9D611AD6C70F0055D966 /* Supporting Files */,
			);
			path = SPTableView;
			sourceTree = "<group>";
		};
		D41D9D611AD6C70F0055D966 /* Supporting Files */ = {
			isa = PBXGroup;
			children = (
				D41D9D621AD6C70F0055D966 /* SPTableView-Info.plist */,
				D41D9D631AD6C70F0055D966 /* InfoPlist.strings */,
				D41D9D661AD6C70F0055D966 /* main.m */,
				D41D9D681AD6C70F0055D966 /* SPTableView-Prefix.pch */,
			);
			name = "Supporting Files";
			sourceTree = "<group>";
		};
		D41D9D7F1AD6C70F0055D966 /* SPTableViewTests */ = {
			isa = PBXGroup;
			children = (
				D41D9D851AD6C70F0055D966 /* SPTableViewTests.m */,
				D41D9D801AD6C70F0055D966 /* Supporting Files */,
			);
			path = SPTableViewTests;
			sourceTree = "<group>";
		};
		D41D9D801AD6C70F0055D966 /* Supporting Files */ = {
			isa = PBXGroup;
			children = (
				D41D9D811AD6C70F0055D966 /* SPTableViewTests-Info.plist */,
				D41D9D821AD6C70F0055D966 /* InfoPlist.strings */,
			);
			name = "Supporting Files";
			sourceTree = "<group>";
		};
/* End PBXGroup section */

/* Begin PBXNativeTarget section */
		D41D9D561AD6C70F0055D966 /* SPTableView */ = {
			isa = PBXNativeTarget;
			buildConfigurationList = D41D9D891AD6C70F0055D966 /* Build configuration list for PBXNativeTarget "SPTableView" */;
			buildPhases = (
				D41D9D531AD6C70F0055D966 /* Sources */,
				D41D9D541AD6C70F0055D966 /* Frameworks */,
				D41D9D551AD6C70F0055D966 /* Resources */,
			);
			buildRules = (
			);
			dependencies = (
			);
			name = SPTableView;
			productName = SPTableView;
			productReference = D41D9D571AD6C70F0055D966 /* SPTableView.app */;
			productType = "com.apple.product-type.application";
		};
		D41D9D771AD6C70F0055D966 /* SPTableViewTests */ = {
			isa = PBXNativeTarget;
			buildConfigurationList = D41D9D8C1AD6C70F0055D966 /* Build configuration list for PBXNativeTarget "SPTableViewTests" */;
			buildPhases = (
				D41D9D741AD6C70F0055D966 /* Sources */,
				D41D9D751AD6C70F0055D966 /* Frameworks */,
				D41D9D761AD6C70F0055D966 /* Resources */,
			);
			buildRules = (
			);
			dependencies = (
				D41D9D7E1AD6C70F0055D966 /* PBXTargetDependency */,
			);
			name = SPTableViewTests;
			productName = SPTableViewTests;
			productReference = D41D9D781AD6C70F0055D966 /* SPTableViewTests.xctest */;
			productType = "com.apple.product-type.bundle.unit-test";
		};
/* End PBXNativeTarget section */

/* Begin PBXProject section */
		D41D9D4F1AD6C70F0055D966 /* Project object */ = {
			isa = PBXProject;
			attributes = {
				LastUpgradeCheck = 0510;
				ORGANIZATIONNAME = "___FULLUSERNAME___";
				TargetAttributes = {
					D41D9D771AD6C70F0055D966 = {
						TestTargetID = D41D9D561AD6C70F0055D966;
					};
				};
			};
			buildConfigurationList = D41D9D521AD6C70F0055D966 /* Build configuration list for PBXProject "SPTableView" */;
			compatibilityVersion = "Xcode 3.2";
			developmentRegion = English;
			hasScannedForEncodings = 0;
			knownRegions = (
				en,
				Base,
			);
			mainGroup = D41D9D4E1AD6C70F0055D966;
			productRefGroup = D41D9D581AD6C70F0055D966 /* Products */;
			projectDirPath = "";
			projectRoot = "";
			targets = (
				D41D9D561AD6C70F0055D966 /* SPTableView */,
				D41D9D771AD6C70F0055D966 /* SPTableViewTests */,
			);
		};
/* End PBXProject section */

/* Begin PBXResourcesBuildPhase section */
		D41D9D551AD6C70F0055D966 /* Resources */ = {
			isa = PBXResourcesBuildPhase;
			buildActionMask = 2147483647;
			files = (
				D41D9D731AD6C70F0055D966 /* Images.xcassets in Resources */,
				D41D9D651AD6C70F0055D966 /* InfoPlist.strings in Resources */,
				D41D9D6E1AD6C70F0055D966 /* Main.storyboard in Resources */,
			);
			runOnlyForDeploymentPostprocessing = 0;
		};
		D41D9D761AD6C70F0055D966 /* Resources */ = {
			isa = PBXResourcesBuildPhase;
			buildActionMask = 2147483647;
			files = (
				D41D9D841AD6C70F0055D966 /* InfoPlist.strings in Resources */,
			);
			runOnlyForDeploymentPostprocessing = 0;
		};
/* End PBXResourcesBuildPhase section */

/* Begin PBXSourcesBuildPhase section */
		D41D9D531AD6C70F0055D966 /* Sources */ = {
			isa = PBXSourcesBuildPhase;
			buildActionMask = 2147483647;
			files = (
				D41D9D711AD6C70F0055D966 /* ViewController.m in Sources */,
				D41D9D6B1AD6C70F0055D966 /* AppDelegate.m in Sources */,
				D41D9D671AD6C70F0055D966 /* main.m in Sources */,
				D41D9D911AD6C7470055D966 /* SPTable.m in Sources */,
			);
			runOnlyForDeploymentPostprocessing = 0;
		};
		D41D9D741AD6C70F0055D966 /* Sources */ = {
			isa = PBXSourcesBuildPhase;
			buildActionMask = 2147483647;
			files = (
				D41D9D861AD6C70F0055D966 /* SPTableViewTests.m in Sources */,
			);
			runOnlyForDeploymentPostprocessing = 0;
		};
/* End PBXSourcesBuildPhase section */

/* Begin PBXTargetDependency section */
		D41D9D7E1AD6C70F0055D966 /* PBXTargetDependency */ = {
			isa = PBXTargetDependency;
			target = D41D9D561AD6C70F0055D966 /* SPTableView */;
			targetProxy = D41D9D7D1AD6C70F0055D966 /* PBXContainerItemProxy */;
		};
/* End PBXTargetDependency section */

/* Begin PBXVariantGroup section */
		D41D9D631AD6C70F0055D966 /* InfoPlist.strings */ = {
			isa = PBXVariantGroup;
			children = (
				D41D9D641AD6C70F0055D966 /* en */,
			);
			name = InfoPlist.strings;
			sourceTree = "<group>";
		};
		D41D9D6C1AD6C70F0055D966 /* Main.storyboard */ = {
			isa = PBXVariantGroup;
			children = (
				D41D9D6D1AD6C70F0055D966 /* Base */,
			);
			name = Main.storyboard;
			sourceTree = "<group>";
		};
		D41D9D821AD6C70F0055D966 /* InfoPlist.strings */ = {
			isa = PBXVariantGroup;
			children = (
				D41D9D831AD6C70F0055D966 /* en */,
			);
			name = InfoPlist.strings;
			sourceTree = "<group>";
		};
/* End PBXVariantGroup section */

/* Begin XCBuildConfiguration section */
		D41D9D871AD6C70F0055D966 /* Debug */ = {
			isa = XCBuildConfiguration;
			buildSettings = {
				ALWAYS_SEARCH_USER_PATHS = NO;
				CLANG_CXX_LANGUAGE_STANDARD = "gnu++0x";
				CLANG_CXX_LIBRARY = "libc++";
				CLANG_ENABLE_MODULES = YES;
				CLANG_ENABLE_OBJC_ARC = YES;
				CLANG_WARN_BOOL_CONVERSION = YES;
				CLANG_WARN_CONSTANT_CONVERSION = YES;
				CLANG_WARN_DIRECT_OBJC_ISA_USAGE = YES_ERROR;
				CLANG_WARN_EMPTY_BODY = YES;
				CLANG_WARN_ENUM_CONVERSION = YES;
				CLANG_WARN_INT_CONVERSION = YES;
				CLANG_WARN_OBJC_ROOT_CLASS = YES_ERROR;
				CLANG_WARN__DUPLICATE_METHOD_MATCH = YES;
				"CODE_SIGN_IDENTITY[sdk=iphoneos*]" = "iPhone Developer";
				COPY_PHASE_STRIP = NO;
				GCC_C_LANGUAGE_STANDARD = gnu99;
				GCC_DYNAMIC_NO_PIC = NO;
				GCC_OPTIMIZATION_LEVEL = 0;
				GCC_PREPROCESSOR_DEFINITIONS = (
					"DEBUG=1",
					"$(inherited)",
				);
				GCC_SYMBOLS_PRIVATE_EXTERN = NO;
				GCC_WARN_64_TO_32_BIT_CONVERSION = YES;
				GCC_WARN_ABOUT_RETURN_TYPE = YES_ERROR;
				GCC_WARN_UNDECLARED_SELECTOR = YES;
				GCC_WARN_UNINITIALIZED_AUTOS = YES_AGGRESSIVE;
				GCC_WARN_UNUSED_FUNCTION = YES;
				GCC_WARN_UNUSED_VARIABLE = YES;
				IPHONEOS_DEPLOYMENT_TARGET = 7.1;
				ONLY_ACTIVE_ARCH = YES;
				SDKROOT = iphoneos;
			};
			name = Debug;
		};
		D41D9D881AD6C70F0055D966 /* Release */ = {
			isa = XCBuildConfiguration;
			buildSettings = {
				ALWAYS_SEARCH_USER_PATHS = NO;
				CLANG_CXX_LANGUAGE_STANDARD = "gnu++0x";
				CLANG_CXX_LIBRARY = "libc++";
				CLANG_ENABLE_MODULES = YES;
				CLANG_ENABLE_OBJC_ARC = YES;
				CLANG_WARN_BOOL_CONVERSION = YES;
				CLANG_WARN_CONSTANT_CONVERSION = YES;
				CLANG_WARN_DIRECT_OBJC_ISA_USAGE = YES_ERROR;
				CLANG_WARN_EMPTY_BODY = YES;
				CLANG_WARN_ENUM_CONVERSION = YES;
				CLANG_WARN_INT_CONVERSION = YES;
				CLANG_WARN_OBJC_ROOT_CLASS = YES_ERROR;
				CLANG_WARN__DUPLICATE_METHOD_MATCH = YES;
				"CODE_SIGN_IDENTITY[sdk=iphoneos*]" = "iPhone Developer";
				COPY_PHASE_STRIP = YES;
				ENABLE_NS_ASSERTIONS = NO;
				GCC_C_LANGUAGE_STANDARD = gnu99;
				GCC_WARN_64_TO_32_BIT_CONVERSION = YES;
				GCC_WARN_ABOUT_RETURN_TYPE = YES_ERROR;
				GCC_WARN_UNDECLARED_SELECTOR = YES;
				GCC_WARN_UNINITIALIZED_AUTOS = YES_AGGRESSIVE;
				GCC_WARN_UNUSED_FUNCTION = YES;
				GCC_WARN_UNUSED_VARIABLE = YES;
				IPHONEOS_DEPLOYMENT_TARGET = 7.1;
				SDKROOT = iphoneos;
				VALIDATE_PRODUCT = YES;
			};
			name = Release;
		};
		D41D9D8A1AD6C70F0055D966 /* Debug */ = {
			isa = XCBuildConfiguration;
			buildSettings = {
				ASSETCATALOG_COMPILER_APPICON_NAME = AppIcon;
				ASSETCATALOG_COMPILER_LAUNCHIMAGE_NAME = LaunchImage;
				GCC_PRECOMPILE_PREFIX_HEADER = YES;
				GCC_PREFIX_HEADER = "SPTableView/SPTableView-Prefix.pch";
				INFOPLIST_FILE = "SPTableView/SPTableView-Info.plist";
				PRODUCT_NAME = "$(TARGET_NAME)";
				WRAPPER_EXTENSION = app;
			};
			name = Debug;
		};
		D41D9D8B1AD6C70F0055D966 /* Release */ = {
			isa = XCBuildConfiguration;
			buildSettings = {
				ASSETCATALOG_COMPILER_APPICON_NAME = AppIcon;
				ASSETCATALOG_COMPILER_LAUNCHIMAGE_NAME = LaunchImage;
				GCC_PRECOMPILE_PREFIX_HEADER = YES;
				GCC_PREFIX_HEADER = "SPTableView/SPTableView-Prefix.pch";
				INFOPLIST_FILE = "SPTableView/SPTableView-Info.plist";
				PRODUCT_NAME = "$(TARGET_NAME)";
				WRAPPER_EXTENSION = app;
			};
			name = Release;
		};
		D41D9D8D1AD6C70F0055D966 /* Debug */ = {
			isa = XCBuildConfiguration;
			buildSettings = {
				BUNDLE_LOADER = "$(BUILT_PRODUCTS_DIR)/SPTableView.app/SPTableView";
				FRAMEWORK_SEARCH_PATHS = (
					"$(SDKROOT)/Developer/Library/Frameworks",
					"$(inherited)",
					"$(DEVELOPER_FRAMEWORKS_DIR)",
				);
				GCC_PRECOMPILE_PREFIX_HEADER = YES;
				GCC_PREFIX_HEADER = "SPTableView/SPTableView-Prefix.pch";
				GCC_PREPROCESSOR_DEFINITIONS = (
					"DEBUG=1",
					"$(inherited)",
				);
				INFOPLIST_FILE = "SPTableViewTests/SPTableViewTests-Info.plist";
				PRODUCT_NAME = "$(TARGET_NAME)";
				TEST_HOST = "$(BUNDLE_LOADER)";
				WRAPPER_EXTENSION = xctest;
			};
			name = Debug;
		};
		D41D9D8E1AD6C70F0055D966 /* Release */ = {
			isa = XCBuildConfiguration;
			buildSettings = {
				BUNDLE_LOADER = "$(BUILT_PRODUCTS_DIR)/SPTableView.app/SPTableView";
				FRAMEWORK_SEARCH_PATHS = (
					"$(SDKROOT)/Developer/Library/Frameworks",
					"$(inherited)",
					"$(DEVELOPER_FRAMEWORKS_DIR)",
				);
				GCC_PRECOMPILE_PREFIX_HEADER = YES;
				GCC_PREFIX_HEADER = "SPTableView/SPTableView-Prefix.pch";
				INFOPLIST_FILE = "SPTableViewTests/SPTableViewTests-Info.plist";
				PRODUCT_NAME = "$(TARGET_NAME)";
				TEST_HOST = "$(BUNDLE_LOADER)";
				WRAPPER_EXTENSION = xctest;
			};
			name = Release;
		};
/* End XCBuildConfiguration section */

/* Begin XCConfigurationList section */
		D41D9D521AD6C70F0055D966 /* Build configuration list for PBXProject "SPTableView" */ = {
			isa = XCConfigurationList;
			buildConfigurations = (
				D41D9D871AD6C70F0055D966 /* Debug */,
				D41D9D881AD6C70F0055D966 /* Release */,
			);
			defaultConfigurationIsVisible = 0;
			defaultConfigurationName = Release;
		};
		D41D9D891AD6C70F0055D966 /* Build configuration list for PBXNativeTarget "SPTableView" */ = {
			isa = XCConfigurationList;
			buildConfigurations = (
				D41D9D8A1AD6C70F0055D966 /* Debug */,
				D41D9D8B1AD6C70F0055D966 /* Release */,
			);
			defaultConfigurationIsVisible = 0;
		};
		D41D9D8C1AD6C70F0055D966 /* Build configuration list for PBXNativeTarget "SPTableViewTests" */ = {
			isa = XCConfigurationList;
			buildConfigurations = (
				D41D9D8D1AD6C70F0055D966 /* Debug */,
				D41D9D8E1AD6C70F0055D966 /* Release */,
			);
			defaultConfigurationIsVisible = 0;
		};
/* End XCConfigurationList section */
	};
	rootObject = D41D9D4F1AD6C70F0055D966 /* Project object */;
}
